
Microsoft Visual Studio Solution File, Format Version 12.00
# Visual Studio Version 17
VisualStudioVersion = 17.9.34714.143
MinimumVisualStudioVersion = 10.0.40219.1
Project("{8BC9CEB8-8B4A-11D0-8D11-00A0C91BC942}") = "11", "11\11.vcxproj", "{33792096-9419-4C9C-B7F0-3CD0FA8DD4B5}"
EndProject
Global
	GlobalSection(SolutionConfigurationPlatforms) = preSolution
		Debug|x64 = Debug|x64
		Debug|x86 = Debug|x86
		Release|x64 = Release|x64
		Release|x86 = Release|x86
	EndGlobalSection
	GlobalSection(ProjectConfigurationPlatforms) = postSolution
		{33792096-9419-4C9C-B7F0-3CD0FA8DD4B5}.Debug|x64.ActiveCfg = Debug|x64
		{33792096-9419-4C9C-B7F0-3CD0FA8DD4B5}.Debug|x64.Build.0 = Debug|x64
		{33792096-9419-4C9C-B7F0-3CD0FA8DD4B5}.Debug|x86.ActiveCfg = Debug|Win32
		{33792096-9419-4C9C-B7F0-3CD0FA8DD4B5}.Debug|x86.Build.0 = Debug|Win32
		{33792096-9419-4C9C-B7F0-3CD0FA8DD4B5}.Release|x64.ActiveCfg = Release|x64
		{33792096-9419-4C9C-B7F0-3CD0FA8DD4B5}.Release|x64.Build.0 = Release|x64
		{33792096-9419-4C9C-B7F0-3CD0FA8DD4B5}.Release|x86.ActiveCfg = Release|Win32
		{33792096-9419-4C9C-B7F0-3CD0FA8DD4B5}.Release|x86.Build.0 = Release|Win32
	EndGlobalSection
	GlobalSection(SolutionProperties) = preSolution
		HideSolutionNode = FALSE
	EndGlobalSection
	GlobalSection(ExtensibilityGlobals) = postSolution
		SolutionGuid = {B4F52EDA-1F70-43DF-90CB-13B22ED6DEA9}
	EndGlobalSection
EndGlobal
