
Microsoft Visual Studio Solution File, Format Version 12.00
# Visual Studio Version 17
VisualStudioVersion = 17.7.34031.279
MinimumVisualStudioVersion = 10.0.40219.1
Project("{8BC9CEB8-8B4A-11D0-8D11-00A0C91BC942}") = "3", "3\3.vcxproj", "{B851B80E-63CF-4C0E-B993-1D84BDC74391}"
EndProject
Project("{8BC9CEB8-8B4A-11D0-8D11-00A0C91BC942}") = "4", "4\4.vcxproj", "{6F7363A9-1180-4534-A24E-382ECA713D89}"
EndProject
Project("{8BC9CEB8-8B4A-11D0-8D11-00A0C91BC942}") = "5", "5\5.vcxproj", "{EFC5F051-4137-47D3-B80F-F2A6880E50AE}"
EndProject
Project("{8BC9CEB8-8B4A-11D0-8D11-00A0C91BC942}") = "6", "6\6.vcxproj", "{B4EDAEA2-9DDC-43F7-8587-6B46790FEE7D}"
EndProject
Project("{8BC9CEB8-8B4A-11D0-8D11-00A0C91BC942}") = "1", "11\11.vcxproj", "{5CAF219A-2895-4AF1-9977-EC0F0FEFDA69}"
EndProject
Project("{8BC9CEB8-8B4A-11D0-8D11-00A0C91BC942}") = "2", "2\2.vcxproj", "{75E027F2-8DCF-447C-B213-6CD3AD483C5A}"
EndProject
Project("{8BC9CEB8-8B4A-11D0-8D11-00A0C91BC942}") = "7", "7\7.vcxproj", "{8E5AE9D7-A170-42D6-82FD-E36E113FC5A6}"
EndProject
Global
	GlobalSection(SolutionConfigurationPlatforms) = preSolution
		Debug|x64 = Debug|x64
		Debug|x86 = Debug|x86
		Release|x64 = Release|x64
		Release|x86 = Release|x86
	EndGlobalSection
	GlobalSection(ProjectConfigurationPlatforms) = postSolution
		{B851B80E-63CF-4C0E-B993-1D84BDC74391}.Debug|x64.ActiveCfg = Debug|x64
		{B851B80E-63CF-4C0E-B993-1D84BDC74391}.Debug|x64.Build.0 = Debug|x64
		{B851B80E-63CF-4C0E-B993-1D84BDC74391}.Debug|x86.ActiveCfg = Debug|Win32
		{B851B80E-63CF-4C0E-B993-1D84BDC74391}.Debug|x86.Build.0 = Debug|Win32
		{B851B80E-63CF-4C0E-B993-1D84BDC74391}.Release|x64.ActiveCfg = Release|x64
		{B851B80E-63CF-4C0E-B993-1D84BDC74391}.Release|x64.Build.0 = Release|x64
		{B851B80E-63CF-4C0E-B993-1D84BDC74391}.Release|x86.ActiveCfg = Release|Win32
		{B851B80E-63CF-4C0E-B993-1D84BDC74391}.Release|x86.Build.0 = Release|Win32
		{6F7363A9-1180-4534-A24E-382ECA713D89}.Debug|x64.ActiveCfg = Debug|x64
		{6F7363A9-1180-4534-A24E-382ECA713D89}.Debug|x64.Build.0 = Debug|x64
		{6F7363A9-1180-4534-A24E-382ECA713D89}.Debug|x86.ActiveCfg = Debug|Win32
		{6F7363A9-1180-4534-A24E-382ECA713D89}.Debug|x86.Build.0 = Debug|Win32
		{6F7363A9-1180-4534-A24E-382ECA713D89}.Release|x64.ActiveCfg = Release|x64
		{6F7363A9-1180-4534-A24E-382ECA713D89}.Release|x64.Build.0 = Release|x64
		{6F7363A9-1180-4534-A24E-382ECA713D89}.Release|x86.ActiveCfg = Release|Win32
		{6F7363A9-1180-4534-A24E-382ECA713D89}.Release|x86.Build.0 = Release|Win32
		{EFC5F051-4137-47D3-B80F-F2A6880E50AE}.Debug|x64.ActiveCfg = Debug|x64
		{EFC5F051-4137-47D3-B80F-F2A6880E50AE}.Debug|x64.Build.0 = Debug|x64
		{EFC5F051-4137-47D3-B80F-F2A6880E50AE}.Debug|x86.ActiveCfg = Debug|Win32
		{EFC5F051-4137-47D3-B80F-F2A6880E50AE}.Debug|x86.Build.0 = Debug|Win32
		{EFC5F051-4137-47D3-B80F-F2A6880E50AE}.Release|x64.ActiveCfg = Release|x64
		{EFC5F051-4137-47D3-B80F-F2A6880E50AE}.Release|x64.Build.0 = Release|x64
		{EFC5F051-4137-47D3-B80F-F2A6880E50AE}.Release|x86.ActiveCfg = Release|Win32
		{EFC5F051-4137-47D3-B80F-F2A6880E50AE}.Release|x86.Build.0 = Release|Win32
		{B4EDAEA2-9DDC-43F7-8587-6B46790FEE7D}.Debug|x64.ActiveCfg = Debug|x64
		{B4EDAEA2-9DDC-43F7-8587-6B46790FEE7D}.Debug|x64.Build.0 = Debug|x64
		{B4EDAEA2-9DDC-43F7-8587-6B46790FEE7D}.Debug|x86.ActiveCfg = Debug|Win32
		{B4EDAEA2-9DDC-43F7-8587-6B46790FEE7D}.Debug|x86.Build.0 = Debug|Win32
		{B4EDAEA2-9DDC-43F7-8587-6B46790FEE7D}.Release|x64.ActiveCfg = Release|x64
		{B4EDAEA2-9DDC-43F7-8587-6B46790FEE7D}.Release|x64.Build.0 = Release|x64
		{B4EDAEA2-9DDC-43F7-8587-6B46790FEE7D}.Release|x86.ActiveCfg = Release|Win32
		{B4EDAEA2-9DDC-43F7-8587-6B46790FEE7D}.Release|x86.Build.0 = Release|Win32
		{5CAF219A-2895-4AF1-9977-EC0F0FEFDA69}.Debug|x64.ActiveCfg = Debug|x64
		{5CAF219A-2895-4AF1-9977-EC0F0FEFDA69}.Debug|x64.Build.0 = Debug|x64
		{5CAF219A-2895-4AF1-9977-EC0F0FEFDA69}.Debug|x86.ActiveCfg = Debug|Win32
		{5CAF219A-2895-4AF1-9977-EC0F0FEFDA69}.Debug|x86.Build.0 = Debug|Win32
		{5CAF219A-2895-4AF1-9977-EC0F0FEFDA69}.Release|x64.ActiveCfg = Release|x64
		{5CAF219A-2895-4AF1-9977-EC0F0FEFDA69}.Release|x64.Build.0 = Release|x64
		{5CAF219A-2895-4AF1-9977-EC0F0FEFDA69}.Release|x86.ActiveCfg = Release|Win32
		{5CAF219A-2895-4AF1-9977-EC0F0FEFDA69}.Release|x86.Build.0 = Release|Win32
		{75E027F2-8DCF-447C-B213-6CD3AD483C5A}.Debug|x64.ActiveCfg = Debug|x64
		{75E027F2-8DCF-447C-B213-6CD3AD483C5A}.Debug|x64.Build.0 = Debug|x64
		{75E027F2-8DCF-447C-B213-6CD3AD483C5A}.Debug|x86.ActiveCfg = Debug|Win32
		{75E027F2-8DCF-447C-B213-6CD3AD483C5A}.Debug|x86.Build.0 = Debug|Win32
		{75E027F2-8DCF-447C-B213-6CD3AD483C5A}.Release|x64.ActiveCfg = Release|x64
		{75E027F2-8DCF-447C-B213-6CD3AD483C5A}.Release|x64.Build.0 = Release|x64
		{75E027F2-8DCF-447C-B213-6CD3AD483C5A}.Release|x86.ActiveCfg = Release|Win32
		{75E027F2-8DCF-447C-B213-6CD3AD483C5A}.Release|x86.Build.0 = Release|Win32
		{8E5AE9D7-A170-42D6-82FD-E36E113FC5A6}.Debug|x64.ActiveCfg = Debug|x64
		{8E5AE9D7-A170-42D6-82FD-E36E113FC5A6}.Debug|x64.Build.0 = Debug|x64
		{8E5AE9D7-A170-42D6-82FD-E36E113FC5A6}.Debug|x86.ActiveCfg = Debug|Win32
		{8E5AE9D7-A170-42D6-82FD-E36E113FC5A6}.Debug|x86.Build.0 = Debug|Win32
		{8E5AE9D7-A170-42D6-82FD-E36E113FC5A6}.Release|x64.ActiveCfg = Release|x64
		{8E5AE9D7-A170-42D6-82FD-E36E113FC5A6}.Release|x64.Build.0 = Release|x64
		{8E5AE9D7-A170-42D6-82FD-E36E113FC5A6}.Release|x86.ActiveCfg = Release|Win32
		{8E5AE9D7-A170-42D6-82FD-E36E113FC5A6}.Release|x86.Build.0 = Release|Win32
	EndGlobalSection
	GlobalSection(SolutionProperties) = preSolution
		HideSolutionNode = FALSE
	EndGlobalSection
	GlobalSection(ExtensibilityGlobals) = postSolution
		SolutionGuid = {7B44057D-9996-4F33-B551-93355C6A02C6}
	EndGlobalSection
EndGlobal
