
Microsoft Visual Studio Solution File, Format Version 12.00
# Visual Studio Version 17
VisualStudioVersion = 17.7.34031.279
MinimumVisualStudioVersion = 10.0.40219.1
Project("{8BC9CEB8-8B4A-11D0-8D11-00A0C91BC942}") = "pureC", "2023.12.14\2023.12.14.vcxproj", "{75D42283-51D3-4E3F-A72E-DD6428B5249D}"
EndProject
Project("{8BC9CEB8-8B4A-11D0-8D11-00A0C91BC942}") = "cat", "cat\cat.vcxproj", "{B1B19D14-D8C0-42D7-A1F2-0A4E50ECE251}"
EndProject
Project("{8BC9CEB8-8B4A-11D0-8D11-00A0C91BC942}") = "str", "str\str.vcxproj", "{6B1E9447-9E47-4EDE-976C-DD90858E2FBC}"
EndProject
Project("{8BC9CEB8-8B4A-11D0-8D11-00A0C91BC942}") = "substr", "substr\substr.vcxproj", "{98487846-60C6-43CC-A89F-FAB618869097}"
EndProject
Project("{8BC9CEB8-8B4A-11D0-8D11-00A0C91BC942}") = "cmp", "cmp\cmp.vcxproj", "{856A65DC-9EE7-45FE-87F3-6589BF838A74}"
EndProject
Project("{8BC9CEB8-8B4A-11D0-8D11-00A0C91BC942}") = "mult", "mult\mult.vcxproj", "{18B2A181-1D2F-4FBF-AEF5-B238617A554D}"
EndProject
Project("{8BC9CEB8-8B4A-11D0-8D11-00A0C91BC942}") = "C++", "C++\C++.vcxproj", "{DE16309E-7E3B-424B-BC85-136B2278C80E}"
EndProject
Global
	GlobalSection(SolutionConfigurationPlatforms) = preSolution
		Debug|x64 = Debug|x64
		Debug|x86 = Debug|x86
		Release|x64 = Release|x64
		Release|x86 = Release|x86
	EndGlobalSection
	GlobalSection(ProjectConfigurationPlatforms) = postSolution
		{75D42283-51D3-4E3F-A72E-DD6428B5249D}.Debug|x64.ActiveCfg = Debug|x64
		{75D42283-51D3-4E3F-A72E-DD6428B5249D}.Debug|x64.Build.0 = Debug|x64
		{75D42283-51D3-4E3F-A72E-DD6428B5249D}.Debug|x86.ActiveCfg = Debug|Win32
		{75D42283-51D3-4E3F-A72E-DD6428B5249D}.Debug|x86.Build.0 = Debug|Win32
		{75D42283-51D3-4E3F-A72E-DD6428B5249D}.Release|x64.ActiveCfg = Release|x64
		{75D42283-51D3-4E3F-A72E-DD6428B5249D}.Release|x64.Build.0 = Release|x64
		{75D42283-51D3-4E3F-A72E-DD6428B5249D}.Release|x86.ActiveCfg = Release|Win32
		{75D42283-51D3-4E3F-A72E-DD6428B5249D}.Release|x86.Build.0 = Release|Win32
		{B1B19D14-D8C0-42D7-A1F2-0A4E50ECE251}.Debug|x64.ActiveCfg = Debug|x64
		{B1B19D14-D8C0-42D7-A1F2-0A4E50ECE251}.Debug|x64.Build.0 = Debug|x64
		{B1B19D14-D8C0-42D7-A1F2-0A4E50ECE251}.Debug|x86.ActiveCfg = Debug|Win32
		{B1B19D14-D8C0-42D7-A1F2-0A4E50ECE251}.Debug|x86.Build.0 = Debug|Win32
		{B1B19D14-D8C0-42D7-A1F2-0A4E50ECE251}.Release|x64.ActiveCfg = Release|x64
		{B1B19D14-D8C0-42D7-A1F2-0A4E50ECE251}.Release|x64.Build.0 = Release|x64
		{B1B19D14-D8C0-42D7-A1F2-0A4E50ECE251}.Release|x86.ActiveCfg = Release|Win32
		{B1B19D14-D8C0-42D7-A1F2-0A4E50ECE251}.Release|x86.Build.0 = Release|Win32
		{6B1E9447-9E47-4EDE-976C-DD90858E2FBC}.Debug|x64.ActiveCfg = Debug|x64
		{6B1E9447-9E47-4EDE-976C-DD90858E2FBC}.Debug|x64.Build.0 = Debug|x64
		{6B1E9447-9E47-4EDE-976C-DD90858E2FBC}.Debug|x86.ActiveCfg = Debug|Win32
		{6B1E9447-9E47-4EDE-976C-DD90858E2FBC}.Debug|x86.Build.0 = Debug|Win32
		{6B1E9447-9E47-4EDE-976C-DD90858E2FBC}.Release|x64.ActiveCfg = Release|x64
		{6B1E9447-9E47-4EDE-976C-DD90858E2FBC}.Release|x64.Build.0 = Release|x64
		{6B1E9447-9E47-4EDE-976C-DD90858E2FBC}.Release|x86.ActiveCfg = Release|Win32
		{6B1E9447-9E47-4EDE-976C-DD90858E2FBC}.Release|x86.Build.0 = Release|Win32
		{98487846-60C6-43CC-A89F-FAB618869097}.Debug|x64.ActiveCfg = Debug|x64
		{98487846-60C6-43CC-A89F-FAB618869097}.Debug|x64.Build.0 = Debug|x64
		{98487846-60C6-43CC-A89F-FAB618869097}.Debug|x86.ActiveCfg = Debug|Win32
		{98487846-60C6-43CC-A89F-FAB618869097}.Debug|x86.Build.0 = Debug|Win32
		{98487846-60C6-43CC-A89F-FAB618869097}.Release|x64.ActiveCfg = Release|x64
		{98487846-60C6-43CC-A89F-FAB618869097}.Release|x64.Build.0 = Release|x64
		{98487846-60C6-43CC-A89F-FAB618869097}.Release|x86.ActiveCfg = Release|Win32
		{98487846-60C6-43CC-A89F-FAB618869097}.Release|x86.Build.0 = Release|Win32
		{856A65DC-9EE7-45FE-87F3-6589BF838A74}.Debug|x64.ActiveCfg = Debug|x64
		{856A65DC-9EE7-45FE-87F3-6589BF838A74}.Debug|x64.Build.0 = Debug|x64
		{856A65DC-9EE7-45FE-87F3-6589BF838A74}.Debug|x86.ActiveCfg = Debug|Win32
		{856A65DC-9EE7-45FE-87F3-6589BF838A74}.Debug|x86.Build.0 = Debug|Win32
		{856A65DC-9EE7-45FE-87F3-6589BF838A74}.Release|x64.ActiveCfg = Release|x64
		{856A65DC-9EE7-45FE-87F3-6589BF838A74}.Release|x64.Build.0 = Release|x64
		{856A65DC-9EE7-45FE-87F3-6589BF838A74}.Release|x86.ActiveCfg = Release|Win32
		{856A65DC-9EE7-45FE-87F3-6589BF838A74}.Release|x86.Build.0 = Release|Win32
		{18B2A181-1D2F-4FBF-AEF5-B238617A554D}.Debug|x64.ActiveCfg = Debug|x64
		{18B2A181-1D2F-4FBF-AEF5-B238617A554D}.Debug|x64.Build.0 = Debug|x64
		{18B2A181-1D2F-4FBF-AEF5-B238617A554D}.Debug|x86.ActiveCfg = Debug|Win32
		{18B2A181-1D2F-4FBF-AEF5-B238617A554D}.Debug|x86.Build.0 = Debug|Win32
		{18B2A181-1D2F-4FBF-AEF5-B238617A554D}.Release|x64.ActiveCfg = Release|x64
		{18B2A181-1D2F-4FBF-AEF5-B238617A554D}.Release|x64.Build.0 = Release|x64
		{18B2A181-1D2F-4FBF-AEF5-B238617A554D}.Release|x86.ActiveCfg = Release|Win32
		{18B2A181-1D2F-4FBF-AEF5-B238617A554D}.Release|x86.Build.0 = Release|Win32
		{DE16309E-7E3B-424B-BC85-136B2278C80E}.Debug|x64.ActiveCfg = Debug|x64
		{DE16309E-7E3B-424B-BC85-136B2278C80E}.Debug|x64.Build.0 = Debug|x64
		{DE16309E-7E3B-424B-BC85-136B2278C80E}.Debug|x86.ActiveCfg = Debug|Win32
		{DE16309E-7E3B-424B-BC85-136B2278C80E}.Debug|x86.Build.0 = Debug|Win32
		{DE16309E-7E3B-424B-BC85-136B2278C80E}.Release|x64.ActiveCfg = Release|x64
		{DE16309E-7E3B-424B-BC85-136B2278C80E}.Release|x64.Build.0 = Release|x64
		{DE16309E-7E3B-424B-BC85-136B2278C80E}.Release|x86.ActiveCfg = Release|Win32
		{DE16309E-7E3B-424B-BC85-136B2278C80E}.Release|x86.Build.0 = Release|Win32
	EndGlobalSection
	GlobalSection(SolutionProperties) = preSolution
		HideSolutionNode = FALSE
	EndGlobalSection
	GlobalSection(ExtensibilityGlobals) = postSolution
		SolutionGuid = {23001921-EAAA-498D-BD94-58AEE4B6CB5F}
	EndGlobalSection
EndGlobal
